# This file is generated by running "yarn install" inside your project.
# Manual changes might be lost - proceed with caution!

__metadata:
  version: 8
  cacheKey: 10c0

"@znui/utils@workspace:.":
  version: 0.0.0-use.local
  resolution: "@znui/utils@workspace:."
  peerDependencies:
    react: ^18.2.0
    react-dom: ^18.2.0
  languageName: unknown
  linkType: soft
